
Microsoft Visual Studio Solution File, Format Version 12.00
# Visual Studio Version 17
VisualStudioVersion = 17.2.32630.192
MinimumVisualStudioVersion = 10.0.40219.1
Project("{D954291E-2A0B-460D-934E-DC6B0785DB48}") = "EVerse.Navisworks.Plugin.Common", "EVerse.Navisworks.VPByLevel.Common\EVerse.Navisworks.Plugin.Common.shproj", "{0E931C02-2355-451E-97B5-7F43FF8D2145}"
EndProject
Project("{FAE04EC0-301F-11D3-BF4B-00C04F79EFBC}") = "EVerse.Navisworks.Plugin.2022", "EVerse.Navisworks.VPByLevel.2022\EVerse.Navisworks.Plugin.2022.csproj", "{4B97B73B-9157-4483-9269-B36FC42EAFF7}"
EndProject
Project("{FAE04EC0-301F-11D3-BF4B-00C04F79EFBC}") = "EVerse.Navisworks.Plugin.2021", "EVerse.Navisworks.VPByLevel.2021\EVerse.Navisworks.Plugin.2021.csproj", "{EF82B2C7-EF50-4CF2-B75A-28F6FB3303CD}"
EndProject
Project("{FAE04EC0-301F-11D3-BF4B-00C04F79EFBC}") = "EVerse.Navisworks.Plugin.2019", "EVerse.Navisworks.VPByLevel.2019\EVerse.Navisworks.Plugin.2019.csproj", "{944D393F-9BB3-4C5F-9566-BAAA4745A2CA}"
EndProject
Project("{FAE04EC0-301F-11D3-BF4B-00C04F79EFBC}") = "EVerse.Navisworks.Plugin.2020", "EVerse.Navisworks.VPByLevel.2020\EVerse.Navisworks.Plugin.2020.csproj", "{0D87A374-3B89-400E-9202-CAFF0B845936}"
EndProject
Project("{FAE04EC0-301F-11D3-BF4B-00C04F79EFBC}") = "EVerse.Navisworks.Plugin.2018", "EVerse.Navisworks.VPByLevel.2018\EVerse.Navisworks.Plugin.2018.csproj", "{053472A7-30BB-4A3B-84BB-FB4E51EC2290}"
EndProject
Project("{FAE04EC0-301F-11D3-BF4B-00C04F79EFBC}") = "EVerse.Navisworks.Plugin.2023", "EVerse.Navisworks.VPByLevel.2023\EVerse.Navisworks.Plugin.2023.csproj", "{37B80542-76C6-4592-A84E-B5F45D7150F2}"
EndProject
Project("{D954291E-2A0B-460D-934E-DC6B0785DB48}") = "EVerse.Navisworks.Plugin.ViewpointByLevel", "EVerse.Navisworks.Plugin.ViewpointByLevel\EVerse.Navisworks.Plugin.ViewpointByLevel.shproj", "{5ED8382C-9B17-416F-B414-AF8327B6C6E2}"
EndProject
Global
	GlobalSection(SolutionConfigurationPlatforms) = preSolution
		Debug|Any CPU = Debug|Any CPU
		Release|Any CPU = Release|Any CPU
	EndGlobalSection
	GlobalSection(ProjectConfigurationPlatforms) = postSolution
		{4B97B73B-9157-4483-9269-B36FC42EAFF7}.Debug|Any CPU.ActiveCfg = Debug|Any CPU
		{4B97B73B-9157-4483-9269-B36FC42EAFF7}.Debug|Any CPU.Build.0 = Debug|Any CPU
		{4B97B73B-9157-4483-9269-B36FC42EAFF7}.Release|Any CPU.ActiveCfg = Release|Any CPU
		{4B97B73B-9157-4483-9269-B36FC42EAFF7}.Release|Any CPU.Build.0 = Release|Any CPU
		{EF82B2C7-EF50-4CF2-B75A-28F6FB3303CD}.Debug|Any CPU.ActiveCfg = Debug|Any CPU
		{EF82B2C7-EF50-4CF2-B75A-28F6FB3303CD}.Debug|Any CPU.Build.0 = Debug|Any CPU
		{EF82B2C7-EF50-4CF2-B75A-28F6FB3303CD}.Release|Any CPU.ActiveCfg = Release|Any CPU
		{EF82B2C7-EF50-4CF2-B75A-28F6FB3303CD}.Release|Any CPU.Build.0 = Release|Any CPU
		{944D393F-9BB3-4C5F-9566-BAAA4745A2CA}.Debug|Any CPU.ActiveCfg = Debug|Any CPU
		{944D393F-9BB3-4C5F-9566-BAAA4745A2CA}.Debug|Any CPU.Build.0 = Debug|Any CPU
		{944D393F-9BB3-4C5F-9566-BAAA4745A2CA}.Release|Any CPU.ActiveCfg = Release|Any CPU
		{944D393F-9BB3-4C5F-9566-BAAA4745A2CA}.Release|Any CPU.Build.0 = Release|Any CPU
		{0D87A374-3B89-400E-9202-CAFF0B845936}.Debug|Any CPU.ActiveCfg = Debug|Any CPU
		{0D87A374-3B89-400E-9202-CAFF0B845936}.Debug|Any CPU.Build.0 = Debug|Any CPU
		{0D87A374-3B89-400E-9202-CAFF0B845936}.Release|Any CPU.ActiveCfg = Release|Any CPU
		{0D87A374-3B89-400E-9202-CAFF0B845936}.Release|Any CPU.Build.0 = Release|Any CPU
		{053472A7-30BB-4A3B-84BB-FB4E51EC2290}.Debug|Any CPU.ActiveCfg = Debug|Any CPU
		{053472A7-30BB-4A3B-84BB-FB4E51EC2290}.Debug|Any CPU.Build.0 = Debug|Any CPU
		{053472A7-30BB-4A3B-84BB-FB4E51EC2290}.Release|Any CPU.ActiveCfg = Release|Any CPU
		{053472A7-30BB-4A3B-84BB-FB4E51EC2290}.Release|Any CPU.Build.0 = Release|Any CPU
		{37B80542-76C6-4592-A84E-B5F45D7150F2}.Debug|Any CPU.ActiveCfg = Debug|Any CPU
		{37B80542-76C6-4592-A84E-B5F45D7150F2}.Debug|Any CPU.Build.0 = Debug|Any CPU
		{37B80542-76C6-4592-A84E-B5F45D7150F2}.Release|Any CPU.ActiveCfg = Release|Any CPU
		{37B80542-76C6-4592-A84E-B5F45D7150F2}.Release|Any CPU.Build.0 = Release|Any CPU
	EndGlobalSection
	GlobalSection(SolutionProperties) = preSolution
		HideSolutionNode = FALSE
	EndGlobalSection
	GlobalSection(ExtensibilityGlobals) = postSolution
		SolutionGuid = {64CF1C1F-3176-4161-86E8-76C638C37602}
	EndGlobalSection
	GlobalSection(SharedMSBuildProjectFiles) = preSolution
		EVerse.Navisworks.VPByLevel.Common\EVerse.Navisworks.VPByLevel.Common.projitems*{0e931c02-2355-451e-97b5-7f43ff8d2145}*SharedItemsImports = 13
		EVerse.Navisworks.Plugin.ViewpointByLevel\EVerse.Navisworks.Plugin.ViewpointByLevel.projitems*{37b80542-76c6-4592-a84e-b5f45d7150f2}*SharedItemsImports = 4
		EVerse.Navisworks.VPByLevel.Common\EVerse.Navisworks.VPByLevel.Common.projitems*{37b80542-76c6-4592-a84e-b5f45d7150f2}*SharedItemsImports = 4
		EVerse.Navisworks.Plugin.ViewpointByLevel\EVerse.Navisworks.Plugin.ViewpointByLevel.projitems*{5ed8382c-9b17-416f-b414-af8327b6c6e2}*SharedItemsImports = 13
	EndGlobalSection
EndGlobal
